
Microsoft Visual Studio Solution File, Format Version 12.00
# Visual Studio Version 17
VisualStudioVersion = 17.13.35919.96 d17.13
MinimumVisualStudioVersion = 10.0.40219.1
Project("{FAE04EC0-301F-11D3-BF4B-00C04F79EFBC}") = "POS_System", "POS_System\POS_System.csproj", "{1AE29D04-D6E0-4D1A-B7EA-CD0045DC9346}"
EndProject
Global
	GlobalSection(SolutionConfigurationPlatforms) = preSolution
		Debug|Any CPU = Debug|Any CPU
		Release|Any CPU = Release|Any CPU
	EndGlobalSection
	GlobalSection(ProjectConfigurationPlatforms) = postSolution
		{1AE29D04-D6E0-4D1A-B7EA-CD0045DC9346}.Debug|Any CPU.ActiveCfg = Debug|Any CPU
		{1AE29D04-D6E0-4D1A-B7EA-CD0045DC9346}.Debug|Any CPU.Build.0 = Debug|Any CPU
		{1AE29D04-D6E0-4D1A-B7EA-CD0045DC9346}.Release|Any CPU.ActiveCfg = Release|Any CPU
		{1AE29D04-D6E0-4D1A-B7EA-CD0045DC9346}.Release|Any CPU.Build.0 = Release|Any CPU
	EndGlobalSection
	GlobalSection(SolutionProperties) = preSolution
		HideSolutionNode = FALSE
	EndGlobalSection
	GlobalSection(ExtensibilityGlobals) = postSolution
		SolutionGuid = {3ED0A7AF-3F92-4A5A-9DDD-22A8996B0C6F}
	EndGlobalSection
EndGlobal
